
Microsoft Visual Studio Solution File, Format Version 12.00
# Visual Studio Version 16
VisualStudioVersion = 16.0.31727.386
MinimumVisualStudioVersion = 10.0.40219.1
Project("{9A19103F-16F7-4668-BE54-9A1E7A4F7556}") = "Targil0", "Targil0\Targil0.csproj", "{15EA8EAE-FD3C-4DD4-B4CC-872071FD1500}"
EndProject
Project("{9A19103F-16F7-4668-BE54-9A1E7A4F7556}") = "ConsoleUI", "ConsoleUI\ConsoleUI.csproj", "{880728B1-776D-48E9-882B-8BAA47EFC9FA}"
EndProject
Project("{9A19103F-16F7-4668-BE54-9A1E7A4F7556}") = "DAL", "DAL\DAL.csproj", "{0F96C398-867D-4C7D-A657-6D6CE2B2F369}"
EndProject
Project("{9A19103F-16F7-4668-BE54-9A1E7A4F7556}") = "BL", "BL\BL.csproj", "{CE6EC88B-8462-4B54-A36B-E2BABAE12F09}"
EndProject
Project("{9A19103F-16F7-4668-BE54-9A1E7A4F7556}") = "ConsoleUI_BL", "ConsoleUI_BL\ConsoleUI_BL.csproj", "{7A725735-FECB-47C4-BE13-2E06399EB2DD}"
EndProject
Project("{FAE04EC0-301F-11D3-BF4B-00C04F79EFBC}") = "PL", "PL\PL.csproj", "{7922D5A0-6E3D-478B-B09E-ABC77D558B3D}"
	ProjectSection(ProjectDependencies) = postProject
		{CE6EC88B-8462-4B54-A36B-E2BABAE12F09} = {CE6EC88B-8462-4B54-A36B-E2BABAE12F09}
	EndProjectSection
EndProject
Global
	GlobalSection(SolutionConfigurationPlatforms) = preSolution
		Debug|Any CPU = Debug|Any CPU
		Release|Any CPU = Release|Any CPU
	EndGlobalSection
	GlobalSection(ProjectConfigurationPlatforms) = postSolution
		{15EA8EAE-FD3C-4DD4-B4CC-872071FD1500}.Debug|Any CPU.ActiveCfg = Debug|Any CPU
		{15EA8EAE-FD3C-4DD4-B4CC-872071FD1500}.Debug|Any CPU.Build.0 = Debug|Any CPU
		{15EA8EAE-FD3C-4DD4-B4CC-872071FD1500}.Release|Any CPU.ActiveCfg = Release|Any CPU
		{15EA8EAE-FD3C-4DD4-B4CC-872071FD1500}.Release|Any CPU.Build.0 = Release|Any CPU
		{880728B1-776D-48E9-882B-8BAA47EFC9FA}.Debug|Any CPU.ActiveCfg = Debug|Any CPU
		{880728B1-776D-48E9-882B-8BAA47EFC9FA}.Debug|Any CPU.Build.0 = Debug|Any CPU
		{880728B1-776D-48E9-882B-8BAA47EFC9FA}.Release|Any CPU.ActiveCfg = Release|Any CPU
		{880728B1-776D-48E9-882B-8BAA47EFC9FA}.Release|Any CPU.Build.0 = Release|Any CPU
		{0F96C398-867D-4C7D-A657-6D6CE2B2F369}.Debug|Any CPU.ActiveCfg = Debug|Any CPU
		{0F96C398-867D-4C7D-A657-6D6CE2B2F369}.Debug|Any CPU.Build.0 = Debug|Any CPU
		{0F96C398-867D-4C7D-A657-6D6CE2B2F369}.Release|Any CPU.ActiveCfg = Release|Any CPU
		{0F96C398-867D-4C7D-A657-6D6CE2B2F369}.Release|Any CPU.Build.0 = Release|Any CPU
		{CE6EC88B-8462-4B54-A36B-E2BABAE12F09}.Debug|Any CPU.ActiveCfg = Debug|Any CPU
		{CE6EC88B-8462-4B54-A36B-E2BABAE12F09}.Debug|Any CPU.Build.0 = Debug|Any CPU
		{CE6EC88B-8462-4B54-A36B-E2BABAE12F09}.Release|Any CPU.ActiveCfg = Release|Any CPU
		{CE6EC88B-8462-4B54-A36B-E2BABAE12F09}.Release|Any CPU.Build.0 = Release|Any CPU
		{7A725735-FECB-47C4-BE13-2E06399EB2DD}.Debug|Any CPU.ActiveCfg = Debug|Any CPU
		{7A725735-FECB-47C4-BE13-2E06399EB2DD}.Debug|Any CPU.Build.0 = Debug|Any CPU
		{7A725735-FECB-47C4-BE13-2E06399EB2DD}.Release|Any CPU.ActiveCfg = Release|Any CPU
		{7A725735-FECB-47C4-BE13-2E06399EB2DD}.Release|Any CPU.Build.0 = Release|Any CPU
		{7922D5A0-6E3D-478B-B09E-ABC77D558B3D}.Debug|Any CPU.ActiveCfg = Debug|Any CPU
		{7922D5A0-6E3D-478B-B09E-ABC77D558B3D}.Debug|Any CPU.Build.0 = Debug|Any CPU
		{7922D5A0-6E3D-478B-B09E-ABC77D558B3D}.Release|Any CPU.ActiveCfg = Release|Any CPU
		{7922D5A0-6E3D-478B-B09E-ABC77D558B3D}.Release|Any CPU.Build.0 = Release|Any CPU
	EndGlobalSection
	GlobalSection(SolutionProperties) = preSolution
		HideSolutionNode = FALSE
	EndGlobalSection
	GlobalSection(ExtensibilityGlobals) = postSolution
		SolutionGuid = {28420942-24D6-4739-8B94-45BF0FCA9EC1}
	EndGlobalSection
EndGlobal
